
Microsoft Visual Studio Solution File, Format Version 12.00
# Visual Studio Version 16
VisualStudioVersion = 16.0.30104.148
MinimumVisualStudioVersion = 10.0.40219.1
Project("{FAE04EC0-301F-11D3-BF4B-00C04F79EFBC}") = "StarWarsApiPractice", "StarWarsApiPractice\StarWarsApiPractice.csproj", "{F405DA11-DF7A-4AA8-B8A4-28AB0EA131F3}"
EndProject
Global
	GlobalSection(SolutionConfigurationPlatforms) = preSolution
		Debug|Any CPU = Debug|Any CPU
		Release|Any CPU = Release|Any CPU
	EndGlobalSection
	GlobalSection(ProjectConfigurationPlatforms) = postSolution
		{F405DA11-DF7A-4AA8-B8A4-28AB0EA131F3}.Debug|Any CPU.ActiveCfg = Debug|Any CPU
		{F405DA11-DF7A-4AA8-B8A4-28AB0EA131F3}.Debug|Any CPU.Build.0 = Debug|Any CPU
		{F405DA11-DF7A-4AA8-B8A4-28AB0EA131F3}.Release|Any CPU.ActiveCfg = Release|Any CPU
		{F405DA11-DF7A-4AA8-B8A4-28AB0EA131F3}.Release|Any CPU.Build.0 = Release|Any CPU
	EndGlobalSection
	GlobalSection(SolutionProperties) = preSolution
		HideSolutionNode = FALSE
	EndGlobalSection
	GlobalSection(ExtensibilityGlobals) = postSolution
		SolutionGuid = {22513E8A-EB7B-4B23-8F62-9A5F924F3BB1}
	EndGlobalSection
EndGlobal
